// !$*UTF8*$!
{
	archiveVersion = 1;
	classes = {
	};
	objectVersion = 56;
	objects = {

/* Begin PBXBuildFile section */
		4B225EEC298B3FD8007EE635 /* Root.swift in Sources */ = {isa = PBXBuildFile; fileRef = 4B225EEB298B3FD8007EE635 /* Root.swift */; };
		4B225EEE298B406C007EE635 /* RootView.swift in Sources */ = {isa = PBXBuildFile; fileRef = 4B225EED298B406C007EE635 /* RootView.swift */; };
		4B225EF5298B47AE007EE635 /* Login.swift in Sources */ = {isa = PBXBuildFile; fileRef = 4B225EF4298B47AE007EE635 /* Login.swift */; };
		4B225EF7298B47BA007EE635 /* LoginView.swift in Sources */ = {isa = PBXBuildFile; fileRef = 4B225EF6298B47BA007EE635 /* LoginView.swift */; };
		4B225EF9298B47D6007EE635 /* Welcome.swift in Sources */ = {isa = PBXBuildFile; fileRef = 4B225EF8298B47D6007EE635 /* Welcome.swift */; };
		4B225EFB298B486F007EE635 /* WelcomeView.swift in Sources */ = {isa = PBXBuildFile; fileRef = 4B225EFA298B486F007EE635 /* WelcomeView.swift */; };
		4BA77F0A29602D2500C8093A /* InstantInformationApp.swift in Sources */ = {isa = PBXBuildFile; fileRef = 4BA77F0929602D2500C8093A /* InstantInformationApp.swift */; };
		4BA77F0E29602D2600C8093A /* Assets.xcassets in Resources */ = {isa = PBXBuildFile; fileRef = 4BA77F0D29602D2600C8093A /* Assets.xcassets */; };
		4BA77F1229602D2600C8093A /* Preview Assets.xcassets in Resources */ = {isa = PBXBuildFile; fileRef = 4BA77F1129602D2600C8093A /* Preview Assets.xcassets */; };
		4BA77F1C29602D2600C8093A /* InstantInformationTests.swift in Sources */ = {isa = PBXBuildFile; fileRef = 4BA77F1B29602D2600C8093A /* InstantInformationTests.swift */; };
		4BA77F2629602D2600C8093A /* InstantInformationUITests.swift in Sources */ = {isa = PBXBuildFile; fileRef = 4BA77F2529602D2600C8093A /* InstantInformationUITests.swift */; };
		4BA77F2829602D2600C8093A /* InstantInformationUITestsLaunchTests.swift in Sources */ = {isa = PBXBuildFile; fileRef = 4BA77F2729602D2600C8093A /* InstantInformationUITestsLaunchTests.swift */; };
		4BBF923F298C0C5100F31472 /* CreateAccountView.swift in Sources */ = {isa = PBXBuildFile; fileRef = 4BBF923E298C0C5100F31472 /* CreateAccountView.swift */; };
		4BBF9241298C0CAA00F31472 /* CreateAccount.swift in Sources */ = {isa = PBXBuildFile; fileRef = 4BBF9240298C0CAA00F31472 /* CreateAccount.swift */; };
		4BBF9243298C129C00F31472 /* TextInput.swift in Sources */ = {isa = PBXBuildFile; fileRef = 4BBF9242298C129C00F31472 /* TextInput.swift */; };
		4BBF9247298C261500F31472 /* ViewSynchronize.swift in Sources */ = {isa = PBXBuildFile; fileRef = 4BBF9246298C261500F31472 /* ViewSynchronize.swift */; };
		4BBF924A298C406600F31472 /* Logo.swift in Sources */ = {isa = PBXBuildFile; fileRef = 4BBF9249298C406600F31472 /* Logo.swift */; };
		4BBF9253298C5B0800F31472 /* Database.swift in Sources */ = {isa = PBXBuildFile; fileRef = 4BBF9252298C5B0800F31472 /* Database.swift */; };
		4BBF9255298C5FFC00F31472 /* DatabaseClient.swift in Sources */ = {isa = PBXBuildFile; fileRef = 4BBF9254298C5FFC00F31472 /* DatabaseClient.swift */; };
		4BBF9258298D6C0C00F31472 /* Endpoint.swift in Sources */ = {isa = PBXBuildFile; fileRef = 4BBF9257298D6C0C00F31472 /* Endpoint.swift */; };
		4BBF925A298D6FE700F31472 /* API.swift in Sources */ = {isa = PBXBuildFile; fileRef = 4BBF9259298D6FE700F31472 /* API.swift */; };
		4BBF925D298D73FA00F31472 /* Authentication.swift in Sources */ = {isa = PBXBuildFile; fileRef = 4BBF925C298D73FA00F31472 /* Authentication.swift */; };
		4BBF9260298D760A00F31472 /* LiveAPI.swift in Sources */ = {isa = PBXBuildFile; fileRef = 4BBF925F298D760A00F31472 /* LiveAPI.swift */; };
		4BBF9263298D76B100F31472 /* MockAPI.swift in Sources */ = {isa = PBXBuildFile; fileRef = 4BBF9262298D76B100F31472 /* MockAPI.swift */; };
		4BBF9265298D7AC300F31472 /* User.swift in Sources */ = {isa = PBXBuildFile; fileRef = 4BBF9264298D7AC300F31472 /* User.swift */; };
		4BBF9267298D7AF600F31472 /* NetworkClient.swift in Sources */ = {isa = PBXBuildFile; fileRef = 4BBF9266298D7AF600F31472 /* NetworkClient.swift */; };
		4BBF9269298D8C0100F31472 /* MainNavigation.swift in Sources */ = {isa = PBXBuildFile; fileRef = 4BBF9268298D8C0100F31472 /* MainNavigation.swift */; };
		4BBF926B298D8C1000F31472 /* MainNavigationView.swift in Sources */ = {isa = PBXBuildFile; fileRef = 4BBF926A298D8C1000F31472 /* MainNavigationView.swift */; };
		4BBF9270298D946D00F31472 /* NavigationHeader.swift in Sources */ = {isa = PBXBuildFile; fileRef = 4BBF926F298D946D00F31472 /* NavigationHeader.swift */; };
		4BBF9272298D947800F31472 /* NavigationHeaderView.swift in Sources */ = {isa = PBXBuildFile; fileRef = 4BBF9271298D947800F31472 /* NavigationHeaderView.swift */; };
		4BBF9274298D948500F31472 /* NavigationFooter.swift in Sources */ = {isa = PBXBuildFile; fileRef = 4BBF9273298D948500F31472 /* NavigationFooter.swift */; };
		4BBF9276298D949E00F31472 /* NavigationFooterView.swift in Sources */ = {isa = PBXBuildFile; fileRef = 4BBF9275298D949E00F31472 /* NavigationFooterView.swift */; };
		4BBF9278298D94AC00F31472 /* TimelineView.swift in Sources */ = {isa = PBXBuildFile; fileRef = 4BBF9277298D94AC00F31472 /* TimelineView.swift */; };
		4BBF927A298D94B600F31472 /* Timeline.swift in Sources */ = {isa = PBXBuildFile; fileRef = 4BBF9279298D94B600F31472 /* Timeline.swift */; };
		4BBF927D298DA56800F31472 /* PostView.swift in Sources */ = {isa = PBXBuildFile; fileRef = 4BBF927C298DA56800F31472 /* PostView.swift */; };
		4BC040D2298B2ABF00994366 /* ComposableArchitecture in Frameworks */ = {isa = PBXBuildFile; productRef = 4BC040D1298B2ABF00994366 /* ComposableArchitecture */; };
/* End PBXBuildFile section */

/* Begin PBXContainerItemProxy section */
		4BA77F1829602D2600C8093A /* PBXContainerItemProxy */ = {
			isa = PBXContainerItemProxy;
			containerPortal = 4BA77EFE29602D2500C8093A /* Project object */;
			proxyType = 1;
			remoteGlobalIDString = 4BA77F0529602D2500C8093A;
			remoteInfo = InstantInformation;
		};
		4BA77F2229602D2600C8093A /* PBXContainerItemProxy */ = {
			isa = PBXContainerItemProxy;
			containerPortal = 4BA77EFE29602D2500C8093A /* Project object */;
			proxyType = 1;
			remoteGlobalIDString = 4BA77F0529602D2500C8093A;
			remoteInfo = InstantInformation;
		};
/* End PBXContainerItemProxy section */

/* Begin PBXFileReference section */
		4B225EEB298B3FD8007EE635 /* Root.swift */ = {isa = PBXFileReference; lastKnownFileType = sourcecode.swift; path = Root.swift; sourceTree = "<group>"; };
		4B225EED298B406C007EE635 /* RootView.swift */ = {isa = PBXFileReference; lastKnownFileType = sourcecode.swift; path = RootView.swift; sourceTree = "<group>"; };
		4B225EF4298B47AE007EE635 /* Login.swift */ = {isa = PBXFileReference; lastKnownFileType = sourcecode.swift; path = Login.swift; sourceTree = "<group>"; };
		4B225EF6298B47BA007EE635 /* LoginView.swift */ = {isa = PBXFileReference; lastKnownFileType = sourcecode.swift; path = LoginView.swift; sourceTree = "<group>"; };
		4B225EF8298B47D6007EE635 /* Welcome.swift */ = {isa = PBXFileReference; lastKnownFileType = sourcecode.swift; path = Welcome.swift; sourceTree = "<group>"; };
		4B225EFA298B486F007EE635 /* WelcomeView.swift */ = {isa = PBXFileReference; lastKnownFileType = sourcecode.swift; path = WelcomeView.swift; sourceTree = "<group>"; };
		4BA77F0629602D2500C8093A /* Instant Info.app */ = {isa = PBXFileReference; explicitFileType = wrapper.application; includeInIndex = 0; path = "Instant Info.app"; sourceTree = BUILT_PRODUCTS_DIR; };
		4BA77F0929602D2500C8093A /* InstantInformationApp.swift */ = {isa = PBXFileReference; lastKnownFileType = sourcecode.swift; path = InstantInformationApp.swift; sourceTree = "<group>"; };
		4BA77F0D29602D2600C8093A /* Assets.xcassets */ = {isa = PBXFileReference; lastKnownFileType = folder.assetcatalog; path = Assets.xcassets; sourceTree = "<group>"; };
		4BA77F0F29602D2600C8093A /* InstantInformation.entitlements */ = {isa = PBXFileReference; lastKnownFileType = text.plist.entitlements; path = InstantInformation.entitlements; sourceTree = "<group>"; };
		4BA77F1129602D2600C8093A /* Preview Assets.xcassets */ = {isa = PBXFileReference; lastKnownFileType = folder.assetcatalog; path = "Preview Assets.xcassets"; sourceTree = "<group>"; };
		4BA77F1729602D2600C8093A /* InstantInformationTests.xctest */ = {isa = PBXFileReference; explicitFileType = wrapper.cfbundle; includeInIndex = 0; path = InstantInformationTests.xctest; sourceTree = BUILT_PRODUCTS_DIR; };
		4BA77F1B29602D2600C8093A /* InstantInformationTests.swift */ = {isa = PBXFileReference; lastKnownFileType = sourcecode.swift; path = InstantInformationTests.swift; sourceTree = "<group>"; };
		4BA77F2129602D2600C8093A /* InstantInformationUITests.xctest */ = {isa = PBXFileReference; explicitFileType = wrapper.cfbundle; includeInIndex = 0; path = InstantInformationUITests.xctest; sourceTree = BUILT_PRODUCTS_DIR; };
		4BA77F2529602D2600C8093A /* InstantInformationUITests.swift */ = {isa = PBXFileReference; lastKnownFileType = sourcecode.swift; path = InstantInformationUITests.swift; sourceTree = "<group>"; };
		4BA77F2729602D2600C8093A /* InstantInformationUITestsLaunchTests.swift */ = {isa = PBXFileReference; lastKnownFileType = sourcecode.swift; path = InstantInformationUITestsLaunchTests.swift; sourceTree = "<group>"; };
		4BBF923E298C0C5100F31472 /* CreateAccountView.swift */ = {isa = PBXFileReference; lastKnownFileType = sourcecode.swift; path = CreateAccountView.swift; sourceTree = "<group>"; };
		4BBF9240298C0CAA00F31472 /* CreateAccount.swift */ = {isa = PBXFileReference; lastKnownFileType = sourcecode.swift; path = CreateAccount.swift; sourceTree = "<group>"; };
		4BBF9242298C129C00F31472 /* TextInput.swift */ = {isa = PBXFileReference; lastKnownFileType = sourcecode.swift; path = TextInput.swift; sourceTree = "<group>"; };
		4BBF9246298C261500F31472 /* ViewSynchronize.swift */ = {isa = PBXFileReference; lastKnownFileType = sourcecode.swift; path = ViewSynchronize.swift; sourceTree = "<group>"; };
		4BBF9249298C406600F31472 /* Logo.swift */ = {isa = PBXFileReference; lastKnownFileType = sourcecode.swift; path = Logo.swift; sourceTree = "<group>"; };
		4BBF9252298C5B0800F31472 /* Database.swift */ = {isa = PBXFileReference; lastKnownFileType = sourcecode.swift; path = Database.swift; sourceTree = "<group>"; };
		4BBF9254298C5FFC00F31472 /* DatabaseClient.swift */ = {isa = PBXFileReference; lastKnownFileType = sourcecode.swift; path = DatabaseClient.swift; sourceTree = "<group>"; };
		4BBF9257298D6C0C00F31472 /* Endpoint.swift */ = {isa = PBXFileReference; lastKnownFileType = sourcecode.swift; path = Endpoint.swift; sourceTree = "<group>"; };
		4BBF9259298D6FE700F31472 /* API.swift */ = {isa = PBXFileReference; lastKnownFileType = sourcecode.swift; path = API.swift; sourceTree = "<group>"; };
		4BBF925C298D73FA00F31472 /* Authentication.swift */ = {isa = PBXFileReference; lastKnownFileType = sourcecode.swift; path = Authentication.swift; sourceTree = "<group>"; };
		4BBF925F298D760A00F31472 /* LiveAPI.swift */ = {isa = PBXFileReference; lastKnownFileType = sourcecode.swift; path = LiveAPI.swift; sourceTree = "<group>"; };
		4BBF9262298D76B100F31472 /* MockAPI.swift */ = {isa = PBXFileReference; lastKnownFileType = sourcecode.swift; path = MockAPI.swift; sourceTree = "<group>"; };
		4BBF9264298D7AC300F31472 /* User.swift */ = {isa = PBXFileReference; lastKnownFileType = sourcecode.swift; path = User.swift; sourceTree = "<group>"; };
		4BBF9266298D7AF600F31472 /* NetworkClient.swift */ = {isa = PBXFileReference; lastKnownFileType = sourcecode.swift; path = NetworkClient.swift; sourceTree = "<group>"; };
		4BBF9268298D8C0100F31472 /* MainNavigation.swift */ = {isa = PBXFileReference; lastKnownFileType = sourcecode.swift; path = MainNavigation.swift; sourceTree = "<group>"; };
		4BBF926A298D8C1000F31472 /* MainNavigationView.swift */ = {isa = PBXFileReference; lastKnownFileType = sourcecode.swift; path = MainNavigationView.swift; sourceTree = "<group>"; };
		4BBF926F298D946D00F31472 /* NavigationHeader.swift */ = {isa = PBXFileReference; lastKnownFileType = sourcecode.swift; path = NavigationHeader.swift; sourceTree = "<group>"; };
		4BBF9271298D947800F31472 /* NavigationHeaderView.swift */ = {isa = PBXFileReference; lastKnownFileType = sourcecode.swift; path = NavigationHeaderView.swift; sourceTree = "<group>"; };
		4BBF9273298D948500F31472 /* NavigationFooter.swift */ = {isa = PBXFileReference; lastKnownFileType = sourcecode.swift; path = NavigationFooter.swift; sourceTree = "<group>"; };
		4BBF9275298D949E00F31472 /* NavigationFooterView.swift */ = {isa = PBXFileReference; lastKnownFileType = sourcecode.swift; path = NavigationFooterView.swift; sourceTree = "<group>"; };
		4BBF9277298D94AC00F31472 /* TimelineView.swift */ = {isa = PBXFileReference; lastKnownFileType = sourcecode.swift; path = TimelineView.swift; sourceTree = "<group>"; };
		4BBF9279298D94B600F31472 /* Timeline.swift */ = {isa = PBXFileReference; lastKnownFileType = sourcecode.swift; path = Timeline.swift; sourceTree = "<group>"; };
		4BBF927C298DA56800F31472 /* PostView.swift */ = {isa = PBXFileReference; lastKnownFileType = sourcecode.swift; path = PostView.swift; sourceTree = "<group>"; };
/* End PBXFileReference section */

/* Begin PBXFrameworksBuildPhase section */
		4BA77F0329602D2500C8093A /* Frameworks */ = {
			isa = PBXFrameworksBuildPhase;
			buildActionMask = 2147483647;
			files = (
				4BC040D2298B2ABF00994366 /* ComposableArchitecture in Frameworks */,
			);
			runOnlyForDeploymentPostprocessing = 0;
		};
		4BA77F1429602D2600C8093A /* Frameworks */ = {
			isa = PBXFrameworksBuildPhase;
			buildActionMask = 2147483647;
			files = (
			);
			runOnlyForDeploymentPostprocessing = 0;
		};
		4BA77F1E29602D2600C8093A /* Frameworks */ = {
			isa = PBXFrameworksBuildPhase;
			buildActionMask = 2147483647;
			files = (
			);
			runOnlyForDeploymentPostprocessing = 0;
		};
/* End PBXFrameworksBuildPhase section */

/* Begin PBXGroup section */
		4B225EEA298B3DDA007EE635 /* Source */ = {
			isa = PBXGroup;
			children = (
				4B225EF0298B44EA007EE635 /* Views */,
				4BBF9245298C25E700F31472 /* Logic */,
			);
			path = Source;
			sourceTree = "<group>";
		};
		4B225EF0298B44EA007EE635 /* Views */ = {
			isa = PBXGroup;
			children = (
				4B225EEB298B3FD8007EE635 /* Root.swift */,
				4B225EED298B406C007EE635 /* RootView.swift */,
				4B225EF2298B4508007EE635 /* Welcome */,
				4B225EF3298B4516007EE635 /* Main */,
				4BBF9248298C405100F31472 /* Generic */,
			);
			path = Views;
			sourceTree = "<group>";
		};
		4B225EF1298B44FD007EE635 /* Login */ = {
			isa = PBXGroup;
			children = (
				4B225EF4298B47AE007EE635 /* Login.swift */,
				4B225EF6298B47BA007EE635 /* LoginView.swift */,
			);
			path = Login;
			sourceTree = "<group>";
		};
		4B225EF2298B4508007EE635 /* Welcome */ = {
			isa = PBXGroup;
			children = (
				4B225EF8298B47D6007EE635 /* Welcome.swift */,
				4B225EFA298B486F007EE635 /* WelcomeView.swift */,
				4B225EF1298B44FD007EE635 /* Login */,
				4B225EFC298B56CF007EE635 /* Create Account */,
			);
			path = Welcome;
			sourceTree = "<group>";
		};
		4B225EF3298B4516007EE635 /* Main */ = {
			isa = PBXGroup;
			children = (
				4BBF9268298D8C0100F31472 /* MainNavigation.swift */,
				4BBF926A298D8C1000F31472 /* MainNavigationView.swift */,
				4BBF926C298D940100F31472 /* NavigationHeader */,
				4BBF926D298D941A00F31472 /* NavigationFooter */,
				4BBF926E298D945200F31472 /* Timeline */,
				4BBF927B298DA54900F31472 /* Post */,
			);
			path = Main;
			sourceTree = "<group>";
		};
		4B225EFC298B56CF007EE635 /* Create Account */ = {
			isa = PBXGroup;
			children = (
				4BBF9240298C0CAA00F31472 /* CreateAccount.swift */,
				4BBF923E298C0C5100F31472 /* CreateAccountView.swift */,
			);
			path = "Create Account";
			sourceTree = "<group>";
		};
		4BA77EFD29602D2500C8093A = {
			isa = PBXGroup;
			children = (
				4BA77F0829602D2500C8093A /* InstantInformation */,
				4BA77F1A29602D2600C8093A /* InstantInformationTests */,
				4BA77F2429602D2600C8093A /* InstantInformationUITests */,
				4BA77F0729602D2500C8093A /* Products */,
			);
			sourceTree = "<group>";
		};
		4BA77F0729602D2500C8093A /* Products */ = {
			isa = PBXGroup;
			children = (
				4BA77F0629602D2500C8093A /* Instant Info.app */,
				4BA77F1729602D2600C8093A /* InstantInformationTests.xctest */,
				4BA77F2129602D2600C8093A /* InstantInformationUITests.xctest */,
			);
			name = Products;
			sourceTree = "<group>";
		};
		4BA77F0829602D2500C8093A /* InstantInformation */ = {
			isa = PBXGroup;
			children = (
				4BA77F0929602D2500C8093A /* InstantInformationApp.swift */,
				4BA77F0D29602D2600C8093A /* Assets.xcassets */,
				4BA77F0F29602D2600C8093A /* InstantInformation.entitlements */,
				4B225EEA298B3DDA007EE635 /* Source */,
				4BA77F1029602D2600C8093A /* Preview Content */,
			);
			path = InstantInformation;
			sourceTree = "<group>";
		};
		4BA77F1029602D2600C8093A /* Preview Content */ = {
			isa = PBXGroup;
			children = (
				4BA77F1129602D2600C8093A /* Preview Assets.xcassets */,
			);
			path = "Preview Content";
			sourceTree = "<group>";
		};
		4BA77F1A29602D2600C8093A /* InstantInformationTests */ = {
			isa = PBXGroup;
			children = (
				4BA77F1B29602D2600C8093A /* InstantInformationTests.swift */,
			);
			path = InstantInformationTests;
			sourceTree = "<group>";
		};
		4BA77F2429602D2600C8093A /* InstantInformationUITests */ = {
			isa = PBXGroup;
			children = (
				4BA77F2529602D2600C8093A /* InstantInformationUITests.swift */,
				4BA77F2729602D2600C8093A /* InstantInformationUITestsLaunchTests.swift */,
			);
			path = InstantInformationUITests;
			sourceTree = "<group>";
		};
		4BBF9245298C25E700F31472 /* Logic */ = {
			isa = PBXGroup;
			children = (
				4BBF924F298C5A6100F31472 /* Network */,
				4BBF9251298C5ACF00F31472 /* Database */,
				4BBF9250298C5A7600F31472 /* Clients */,
				4BBF9246298C261500F31472 /* ViewSynchronize.swift */,
			);
			path = Logic;
			sourceTree = "<group>";
		};
		4BBF9248298C405100F31472 /* Generic */ = {
			isa = PBXGroup;
			children = (
				4BBF9249298C406600F31472 /* Logo.swift */,
				4BBF9242298C129C00F31472 /* TextInput.swift */,
			);
			path = Generic;
			sourceTree = "<group>";
		};
		4BBF924F298C5A6100F31472 /* Network */ = {
			isa = PBXGroup;
			children = (
				4BBF9259298D6FE700F31472 /* API.swift */,
				4BBF9257298D6C0C00F31472 /* Endpoint.swift */,
				4BBF925E298D75C300F31472 /* Live */,
				4BBF9261298D769B00F31472 /* Mock */,
				4BBF9256298C660400F31472 /* Models */,
			);
			path = Network;
			sourceTree = "<group>";
		};
		4BBF9250298C5A7600F31472 /* Clients */ = {
			isa = PBXGroup;
			children = (
				4BBF9254298C5FFC00F31472 /* DatabaseClient.swift */,
				4BBF9266298D7AF600F31472 /* NetworkClient.swift */,
			);
			path = Clients;
			sourceTree = "<group>";
		};
		4BBF9251298C5ACF00F31472 /* Database */ = {
			isa = PBXGroup;
			children = (
				4BBF9252298C5B0800F31472 /* Database.swift */,
			);
			path = Database;
			sourceTree = "<group>";
		};
		4BBF9256298C660400F31472 /* Models */ = {
			isa = PBXGroup;
			children = (
				4BBF925C298D73FA00F31472 /* Authentication.swift */,
				4BBF9264298D7AC300F31472 /* User.swift */,
			);
			path = Models;
			sourceTree = "<group>";
		};
		4BBF925E298D75C300F31472 /* Live */ = {
			isa = PBXGroup;
			children = (
				4BBF925F298D760A00F31472 /* LiveAPI.swift */,
			);
			path = Live;
			sourceTree = "<group>";
		};
		4BBF9261298D769B00F31472 /* Mock */ = {
			isa = PBXGroup;
			children = (
				4BBF9262298D76B100F31472 /* MockAPI.swift */,
			);
			path = Mock;
			sourceTree = "<group>";
		};
		4BBF926C298D940100F31472 /* NavigationHeader */ = {
			isa = PBXGroup;
			children = (
				4BBF926F298D946D00F31472 /* NavigationHeader.swift */,
				4BBF9271298D947800F31472 /* NavigationHeaderView.swift */,
			);
			path = NavigationHeader;
			sourceTree = "<group>";
		};
		4BBF926D298D941A00F31472 /* NavigationFooter */ = {
			isa = PBXGroup;
			children = (
				4BBF9273298D948500F31472 /* NavigationFooter.swift */,
				4BBF9275298D949E00F31472 /* NavigationFooterView.swift */,
			);
			path = NavigationFooter;
			sourceTree = "<group>";
		};
		4BBF926E298D945200F31472 /* Timeline */ = {
			isa = PBXGroup;
			children = (
				4BBF9279298D94B600F31472 /* Timeline.swift */,
				4BBF9277298D94AC00F31472 /* TimelineView.swift */,
			);
			path = Timeline;
			sourceTree = "<group>";
		};
		4BBF927B298DA54900F31472 /* Post */ = {
			isa = PBXGroup;
			children = (
				4BBF927C298DA56800F31472 /* PostView.swift */,
			);
			path = Post;
			sourceTree = "<group>";
		};
/* End PBXGroup section */

/* Begin PBXNativeTarget section */
		4BA77F0529602D2500C8093A /* Instant Info */ = {
			isa = PBXNativeTarget;
			buildConfigurationList = 4BA77F2B29602D2600C8093A /* Build configuration list for PBXNativeTarget "Instant Info" */;
			buildPhases = (
				4BA77F0229602D2500C8093A /* Sources */,
				4BA77F0329602D2500C8093A /* Frameworks */,
				4BA77F0429602D2500C8093A /* Resources */,
			);
			buildRules = (
			);
			dependencies = (
				4BEBE404298B2D3C0098E600 /* PBXTargetDependency */,
			);
			name = "Instant Info";
			packageProductDependencies = (
				4BC040D1298B2ABF00994366 /* ComposableArchitecture */,
			);
			productName = InstantInformation;
			productReference = 4BA77F0629602D2500C8093A /* Instant Info.app */;
			productType = "com.apple.product-type.application";
		};
		4BA77F1629602D2600C8093A /* InstantInformationTests */ = {
			isa = PBXNativeTarget;
			buildConfigurationList = 4BA77F2E29602D2600C8093A /* Build configuration list for PBXNativeTarget "InstantInformationTests" */;
			buildPhases = (
				4BA77F1329602D2600C8093A /* Sources */,
				4BA77F1429602D2600C8093A /* Frameworks */,
				4BA77F1529602D2600C8093A /* Resources */,
			);
			buildRules = (
			);
			dependencies = (
				4BA77F1929602D2600C8093A /* PBXTargetDependency */,
			);
			name = InstantInformationTests;
			productName = InstantInformationTests;
			productReference = 4BA77F1729602D2600C8093A /* InstantInformationTests.xctest */;
			productType = "com.apple.product-type.bundle.unit-test";
		};
		4BA77F2029602D2600C8093A /* InstantInformationUITests */ = {
			isa = PBXNativeTarget;
			buildConfigurationList = 4BA77F3129602D2600C8093A /* Build configuration list for PBXNativeTarget "InstantInformationUITests" */;
			buildPhases = (
				4BA77F1D29602D2600C8093A /* Sources */,
				4BA77F1E29602D2600C8093A /* Frameworks */,
				4BA77F1F29602D2600C8093A /* Resources */,
			);
			buildRules = (
			);
			dependencies = (
				4BA77F2329602D2600C8093A /* PBXTargetDependency */,
			);
			name = InstantInformationUITests;
			productName = InstantInformationUITests;
			productReference = 4BA77F2129602D2600C8093A /* InstantInformationUITests.xctest */;
			productType = "com.apple.product-type.bundle.ui-testing";
		};
/* End PBXNativeTarget section */

/* Begin PBXProject section */
		4BA77EFE29602D2500C8093A /* Project object */ = {
			isa = PBXProject;
			attributes = {
				BuildIndependentTargetsInParallel = 1;
				LastSwiftUpdateCheck = 1420;
				LastUpgradeCheck = 1420;
				TargetAttributes = {
					4BA77F0529602D2500C8093A = {
						CreatedOnToolsVersion = 14.2;
					};
					4BA77F1629602D2600C8093A = {
						CreatedOnToolsVersion = 14.2;
						TestTargetID = 4BA77F0529602D2500C8093A;
					};
					4BA77F2029602D2600C8093A = {
						CreatedOnToolsVersion = 14.2;
						TestTargetID = 4BA77F0529602D2500C8093A;
					};
				};
			};
			buildConfigurationList = 4BA77F0129602D2500C8093A /* Build configuration list for PBXProject "InstantInformation" */;
			compatibilityVersion = "Xcode 14.0";
			developmentRegion = en;
			hasScannedForEncodings = 0;
			knownRegions = (
				en,
				Base,
			);
			mainGroup = 4BA77EFD29602D2500C8093A;
			packageReferences = (
				4BC040D0298B2ABF00994366 /* XCRemoteSwiftPackageReference "swift-composable-architecture" */,
				4BEBE402298B2D2E0098E600 /* XCRemoteSwiftPackageReference "SwiftLint" */,
			);
			productRefGroup = 4BA77F0729602D2500C8093A /* Products */;
			projectDirPath = "";
			projectRoot = "";
			targets = (
				4BA77F0529602D2500C8093A /* Instant Info */,
				4BA77F1629602D2600C8093A /* InstantInformationTests */,
				4BA77F2029602D2600C8093A /* InstantInformationUITests */,
			);
		};
/* End PBXProject section */

/* Begin PBXResourcesBuildPhase section */
		4BA77F0429602D2500C8093A /* Resources */ = {
			isa = PBXResourcesBuildPhase;
			buildActionMask = 2147483647;
			files = (
				4BA77F1229602D2600C8093A /* Preview Assets.xcassets in Resources */,
				4BA77F0E29602D2600C8093A /* Assets.xcassets in Resources */,
			);
			runOnlyForDeploymentPostprocessing = 0;
		};
		4BA77F1529602D2600C8093A /* Resources */ = {
			isa = PBXResourcesBuildPhase;
			buildActionMask = 2147483647;
			files = (
			);
			runOnlyForDeploymentPostprocessing = 0;
		};
		4BA77F1F29602D2600C8093A /* Resources */ = {
			isa = PBXResourcesBuildPhase;
			buildActionMask = 2147483647;
			files = (
			);
			runOnlyForDeploymentPostprocessing = 0;
		};
/* End PBXResourcesBuildPhase section */

/* Begin PBXSourcesBuildPhase section */
		4BA77F0229602D2500C8093A /* Sources */ = {
			isa = PBXSourcesBuildPhase;
			buildActionMask = 2147483647;
			files = (
				4BBF927A298D94B600F31472 /* Timeline.swift in Sources */,
				4BA77F0A29602D2500C8093A /* InstantInformationApp.swift in Sources */,
				4BBF926B298D8C1000F31472 /* MainNavigationView.swift in Sources */,
				4BBF9270298D946D00F31472 /* NavigationHeader.swift in Sources */,
				4B225EEC298B3FD8007EE635 /* Root.swift in Sources */,
				4BBF9255298C5FFC00F31472 /* DatabaseClient.swift in Sources */,
				4BBF9276298D949E00F31472 /* NavigationFooterView.swift in Sources */,
				4B225EEE298B406C007EE635 /* RootView.swift in Sources */,
				4BBF9269298D8C0100F31472 /* MainNavigation.swift in Sources */,
				4BBF9258298D6C0C00F31472 /* Endpoint.swift in Sources */,
				4BBF9243298C129C00F31472 /* TextInput.swift in Sources */,
				4B225EF7298B47BA007EE635 /* LoginView.swift in Sources */,
				4B225EF9298B47D6007EE635 /* Welcome.swift in Sources */,
				4BBF9272298D947800F31472 /* NavigationHeaderView.swift in Sources */,
				4BBF9267298D7AF600F31472 /* NetworkClient.swift in Sources */,
				4BBF9265298D7AC300F31472 /* User.swift in Sources */,
				4BBF9278298D94AC00F31472 /* TimelineView.swift in Sources */,
				4BBF923F298C0C5100F31472 /* CreateAccountView.swift in Sources */,
				4BBF9247298C261500F31472 /* ViewSynchronize.swift in Sources */,
				4BBF9263298D76B100F31472 /* MockAPI.swift in Sources */,
				4B225EF5298B47AE007EE635 /* Login.swift in Sources */,
				4BBF9241298C0CAA00F31472 /* CreateAccount.swift in Sources */,
				4BBF9260298D760A00F31472 /* LiveAPI.swift in Sources */,
				4BBF924A298C406600F31472 /* Logo.swift in Sources */,
				4B225EFB298B486F007EE635 /* WelcomeView.swift in Sources */,
				4BBF925A298D6FE700F31472 /* API.swift in Sources */,
				4BBF925D298D73FA00F31472 /* Authentication.swift in Sources */,
				4BBF9253298C5B0800F31472 /* Database.swift in Sources */,
				4BBF927D298DA56800F31472 /* PostView.swift in Sources */,
				4BBF9274298D948500F31472 /* NavigationFooter.swift in Sources */,
			);
			runOnlyForDeploymentPostprocessing = 0;
		};
		4BA77F1329602D2600C8093A /* Sources */ = {
			isa = PBXSourcesBuildPhase;
			buildActionMask = 2147483647;
			files = (
				4BA77F1C29602D2600C8093A /* InstantInformationTests.swift in Sources */,
			);
			runOnlyForDeploymentPostprocessing = 0;
		};
		4BA77F1D29602D2600C8093A /* Sources */ = {
			isa = PBXSourcesBuildPhase;
			buildActionMask = 2147483647;
			files = (
				4BA77F2629602D2600C8093A /* InstantInformationUITests.swift in Sources */,
				4BA77F2829602D2600C8093A /* InstantInformationUITestsLaunchTests.swift in Sources */,
			);
			runOnlyForDeploymentPostprocessing = 0;
		};
/* End PBXSourcesBuildPhase section */

/* Begin PBXTargetDependency section */
		4BA77F1929602D2600C8093A /* PBXTargetDependency */ = {
			isa = PBXTargetDependency;
			target = 4BA77F0529602D2500C8093A /* Instant Info */;
			targetProxy = 4BA77F1829602D2600C8093A /* PBXContainerItemProxy */;
		};
		4BA77F2329602D2600C8093A /* PBXTargetDependency */ = {
			isa = PBXTargetDependency;
			target = 4BA77F0529602D2500C8093A /* Instant Info */;
			targetProxy = 4BA77F2229602D2600C8093A /* PBXContainerItemProxy */;
		};
		4BEBE404298B2D3C0098E600 /* PBXTargetDependency */ = {
			isa = PBXTargetDependency;
			productRef = 4BEBE403298B2D3C0098E600 /* SwiftLintPlugin */;
		};
/* End PBXTargetDependency section */

/* Begin XCBuildConfiguration section */
		4BA77F2929602D2600C8093A /* Debug */ = {
			isa = XCBuildConfiguration;
			buildSettings = {
				ALWAYS_SEARCH_USER_PATHS = NO;
				CLANG_ANALYZER_NONNULL = YES;
				CLANG_ANALYZER_NUMBER_OBJECT_CONVERSION = YES_AGGRESSIVE;
				CLANG_CXX_LANGUAGE_STANDARD = "gnu++20";
				CLANG_ENABLE_MODULES = YES;
				CLANG_ENABLE_OBJC_ARC = YES;
				CLANG_ENABLE_OBJC_WEAK = YES;
				CLANG_WARN_BLOCK_CAPTURE_AUTORELEASING = YES;
				CLANG_WARN_BOOL_CONVERSION = YES;
				CLANG_WARN_COMMA = YES;
				CLANG_WARN_CONSTANT_CONVERSION = YES;
				CLANG_WARN_DEPRECATED_OBJC_IMPLEMENTATIONS = YES;
				CLANG_WARN_DIRECT_OBJC_ISA_USAGE = YES_ERROR;
				CLANG_WARN_DOCUMENTATION_COMMENTS = YES;
				CLANG_WARN_EMPTY_BODY = YES;
				CLANG_WARN_ENUM_CONVERSION = YES;
				CLANG_WARN_INFINITE_RECURSION = YES;
				CLANG_WARN_INT_CONVERSION = YES;
				CLANG_WARN_NON_LITERAL_NULL_CONVERSION = YES;
				CLANG_WARN_OBJC_IMPLICIT_RETAIN_SELF = YES;
				CLANG_WARN_OBJC_LITERAL_CONVERSION = YES;
				CLANG_WARN_OBJC_ROOT_CLASS = YES_ERROR;
				CLANG_WARN_QUOTED_INCLUDE_IN_FRAMEWORK_HEADER = YES;
				CLANG_WARN_RANGE_LOOP_ANALYSIS = YES;
				CLANG_WARN_STRICT_PROTOTYPES = YES;
				CLANG_WARN_SUSPICIOUS_MOVE = YES;
				CLANG_WARN_UNGUARDED_AVAILABILITY = YES_AGGRESSIVE;
				CLANG_WARN_UNREACHABLE_CODE = YES;
				CLANG_WARN__DUPLICATE_METHOD_MATCH = YES;
				COPY_PHASE_STRIP = NO;
				DEBUG_INFORMATION_FORMAT = dwarf;
				ENABLE_STRICT_OBJC_MSGSEND = YES;
				ENABLE_TESTABILITY = YES;
				GCC_C_LANGUAGE_STANDARD = gnu11;
				GCC_DYNAMIC_NO_PIC = NO;
				GCC_NO_COMMON_BLOCKS = YES;
				GCC_OPTIMIZATION_LEVEL = 0;
				GCC_PREPROCESSOR_DEFINITIONS = (
					"DEBUG=1",
					"$(inherited)",
				);
				GCC_WARN_64_TO_32_BIT_CONVERSION = YES;
				GCC_WARN_ABOUT_RETURN_TYPE = YES_ERROR;
				GCC_WARN_UNDECLARED_SELECTOR = YES;
				GCC_WARN_UNINITIALIZED_AUTOS = YES_AGGRESSIVE;
				GCC_WARN_UNUSED_FUNCTION = YES;
				GCC_WARN_UNUSED_VARIABLE = YES;
				MTL_ENABLE_DEBUG_INFO = INCLUDE_SOURCE;
				MTL_FAST_MATH = YES;
				ONLY_ACTIVE_ARCH = YES;
				SWIFT_ACTIVE_COMPILATION_CONDITIONS = DEBUG;
				SWIFT_OPTIMIZATION_LEVEL = "-Onone";
			};
			name = Debug;
		};
		4BA77F2A29602D2600C8093A /* Release */ = {
			isa = XCBuildConfiguration;
			buildSettings = {
				ALWAYS_SEARCH_USER_PATHS = NO;
				CLANG_ANALYZER_NONNULL = YES;
				CLANG_ANALYZER_NUMBER_OBJECT_CONVERSION = YES_AGGRESSIVE;
				CLANG_CXX_LANGUAGE_STANDARD = "gnu++20";
				CLANG_ENABLE_MODULES = YES;
				CLANG_ENABLE_OBJC_ARC = YES;
				CLANG_ENABLE_OBJC_WEAK = YES;
				CLANG_WARN_BLOCK_CAPTURE_AUTORELEASING = YES;
				CLANG_WARN_BOOL_CONVERSION = YES;
				CLANG_WARN_COMMA = YES;
				CLANG_WARN_CONSTANT_CONVERSION = YES;
				CLANG_WARN_DEPRECATED_OBJC_IMPLEMENTATIONS = YES;
				CLANG_WARN_DIRECT_OBJC_ISA_USAGE = YES_ERROR;
				CLANG_WARN_DOCUMENTATION_COMMENTS = YES;
				CLANG_WARN_EMPTY_BODY = YES;
				CLANG_WARN_ENUM_CONVERSION = YES;
				CLANG_WARN_INFINITE_RECURSION = YES;
				CLANG_WARN_INT_CONVERSION = YES;
				CLANG_WARN_NON_LITERAL_NULL_CONVERSION = YES;
				CLANG_WARN_OBJC_IMPLICIT_RETAIN_SELF = YES;
				CLANG_WARN_OBJC_LITERAL_CONVERSION = YES;
				CLANG_WARN_OBJC_ROOT_CLASS = YES_ERROR;
				CLANG_WARN_QUOTED_INCLUDE_IN_FRAMEWORK_HEADER = YES;
				CLANG_WARN_RANGE_LOOP_ANALYSIS = YES;
				CLANG_WARN_STRICT_PROTOTYPES = YES;
				CLANG_WARN_SUSPICIOUS_MOVE = YES;
				CLANG_WARN_UNGUARDED_AVAILABILITY = YES_AGGRESSIVE;
				CLANG_WARN_UNREACHABLE_CODE = YES;
				CLANG_WARN__DUPLICATE_METHOD_MATCH = YES;
				COPY_PHASE_STRIP = NO;
				DEBUG_INFORMATION_FORMAT = "dwarf-with-dsym";
				ENABLE_NS_ASSERTIONS = NO;
				ENABLE_STRICT_OBJC_MSGSEND = YES;
				GCC_C_LANGUAGE_STANDARD = gnu11;
				GCC_NO_COMMON_BLOCKS = YES;
				GCC_WARN_64_TO_32_BIT_CONVERSION = YES;
				GCC_WARN_ABOUT_RETURN_TYPE = YES_ERROR;
				GCC_WARN_UNDECLARED_SELECTOR = YES;
				GCC_WARN_UNINITIALIZED_AUTOS = YES_AGGRESSIVE;
				GCC_WARN_UNUSED_FUNCTION = YES;
				GCC_WARN_UNUSED_VARIABLE = YES;
				MTL_ENABLE_DEBUG_INFO = NO;
				MTL_FAST_MATH = YES;
				SWIFT_COMPILATION_MODE = wholemodule;
				SWIFT_OPTIMIZATION_LEVEL = "-O";
			};
			name = Release;
		};
		4BA77F2C29602D2600C8093A /* Debug */ = {
			isa = XCBuildConfiguration;
			buildSettings = {
				ASSETCATALOG_COMPILER_APPICON_NAME = AppIcon;
				ASSETCATALOG_COMPILER_GLOBAL_ACCENT_COLOR_NAME = AccentColor;
				CODE_SIGN_ENTITLEMENTS = InstantInformation/InstantInformation.entitlements;
				CODE_SIGN_STYLE = Automatic;
				CURRENT_PROJECT_VERSION = 1;
				DEVELOPMENT_ASSET_PATHS = "\"InstantInformation/Preview Content\"";
				DEVELOPMENT_TEAM = H2TZ68XJU7;
				ENABLE_HARDENED_RUNTIME = YES;
				ENABLE_PREVIEWS = YES;
				GENERATE_INFOPLIST_FILE = YES;
				"INFOPLIST_KEY_UIApplicationSceneManifest_Generation[sdk=iphoneos*]" = YES;
				"INFOPLIST_KEY_UIApplicationSceneManifest_Generation[sdk=iphonesimulator*]" = YES;
				"INFOPLIST_KEY_UIApplicationSupportsIndirectInputEvents[sdk=iphoneos*]" = YES;
				"INFOPLIST_KEY_UIApplicationSupportsIndirectInputEvents[sdk=iphonesimulator*]" = YES;
				INFOPLIST_KEY_UILaunchScreen_Generation = NO;
				"INFOPLIST_KEY_UILaunchScreen_Generation[sdk=iphoneos*]" = YES;
				"INFOPLIST_KEY_UILaunchScreen_Generation[sdk=iphonesimulator*]" = YES;
				INFOPLIST_KEY_UILaunchStoryboardName = "";
				"INFOPLIST_KEY_UIStatusBarStyle[sdk=iphoneos*]" = UIStatusBarStyleDefault;
				"INFOPLIST_KEY_UIStatusBarStyle[sdk=iphonesimulator*]" = UIStatusBarStyleDefault;
				INFOPLIST_KEY_UISupportedInterfaceOrientations_iPad = "UIInterfaceOrientationPortrait UIInterfaceOrientationPortraitUpsideDown UIInterfaceOrientationLandscapeLeft UIInterfaceOrientationLandscapeRight";
				INFOPLIST_KEY_UISupportedInterfaceOrientations_iPhone = "UIInterfaceOrientationPortrait UIInterfaceOrientationLandscapeLeft UIInterfaceOrientationLandscapeRight";
				IPHONEOS_DEPLOYMENT_TARGET = 16.2;
				LD_RUNPATH_SEARCH_PATHS = "@executable_path/Frameworks";
				"LD_RUNPATH_SEARCH_PATHS[sdk=macosx*]" = "@executable_path/../Frameworks";
				MACOSX_DEPLOYMENT_TARGET = 12.6;
				MARKETING_VERSION = 1.0;
				PRODUCT_BUNDLE_IDENTIFIER = com.brick.InstantInformation;
				PRODUCT_NAME = "$(TARGET_NAME)";
				SDKROOT = auto;
				SUPPORTED_PLATFORMS = "iphoneos iphonesimulator";
				SUPPORTS_MACCATALYST = NO;
				SUPPORTS_MAC_DESIGNED_FOR_IPHONE_IPAD = NO;
				SWIFT_EMIT_LOC_STRINGS = YES;
				SWIFT_VERSION = 5.0;
				TARGETED_DEVICE_FAMILY = 1;
			};
			name = Debug;
		};
		4BA77F2D29602D2600C8093A /* Release */ = {
			isa = XCBuildConfiguration;
			buildSettings = {
				ASSETCATALOG_COMPILER_APPICON_NAME = AppIcon;
				ASSETCATALOG_COMPILER_GLOBAL_ACCENT_COLOR_NAME = AccentColor;
				CODE_SIGN_ENTITLEMENTS = InstantInformation/InstantInformation.entitlements;
				CODE_SIGN_STYLE = Automatic;
				CURRENT_PROJECT_VERSION = 1;
				DEVELOPMENT_ASSET_PATHS = "\"InstantInformation/Preview Content\"";
				DEVELOPMENT_TEAM = H2TZ68XJU7;
				ENABLE_HARDENED_RUNTIME = YES;
				ENABLE_PREVIEWS = YES;
				GENERATE_INFOPLIST_FILE = YES;
				"INFOPLIST_KEY_UIApplicationSceneManifest_Generation[sdk=iphoneos*]" = YES;
				"INFOPLIST_KEY_UIApplicationSceneManifest_Generation[sdk=iphonesimulator*]" = YES;
				"INFOPLIST_KEY_UIApplicationSupportsIndirectInputEvents[sdk=iphoneos*]" = YES;
				"INFOPLIST_KEY_UIApplicationSupportsIndirectInputEvents[sdk=iphonesimulator*]" = YES;
				INFOPLIST_KEY_UILaunchScreen_Generation = NO;
				"INFOPLIST_KEY_UILaunchScreen_Generation[sdk=iphoneos*]" = YES;
				"INFOPLIST_KEY_UILaunchScreen_Generation[sdk=iphonesimulator*]" = YES;
				INFOPLIST_KEY_UILaunchStoryboardName = "";
				"INFOPLIST_KEY_UIStatusBarStyle[sdk=iphoneos*]" = UIStatusBarStyleDefault;
				"INFOPLIST_KEY_UIStatusBarStyle[sdk=iphonesimulator*]" = UIStatusBarStyleDefault;
				INFOPLIST_KEY_UISupportedInterfaceOrientations_iPad = "UIInterfaceOrientationPortrait UIInterfaceOrientationPortraitUpsideDown UIInterfaceOrientationLandscapeLeft UIInterfaceOrientationLandscapeRight";
				INFOPLIST_KEY_UISupportedInterfaceOrientations_iPhone = "UIInterfaceOrientationPortrait UIInterfaceOrientationLandscapeLeft UIInterfaceOrientationLandscapeRight";
				IPHONEOS_DEPLOYMENT_TARGET = 16.2;
				LD_RUNPATH_SEARCH_PATHS = "@executable_path/Frameworks";
				"LD_RUNPATH_SEARCH_PATHS[sdk=macosx*]" = "@executable_path/../Frameworks";
				MACOSX_DEPLOYMENT_TARGET = 12.6;
				MARKETING_VERSION = 1.0;
				PRODUCT_BUNDLE_IDENTIFIER = com.brick.InstantInformation;
				PRODUCT_NAME = "$(TARGET_NAME)";
				SDKROOT = auto;
				SUPPORTED_PLATFORMS = "iphoneos iphonesimulator";
				SUPPORTS_MACCATALYST = NO;
				SUPPORTS_MAC_DESIGNED_FOR_IPHONE_IPAD = NO;
				SWIFT_EMIT_LOC_STRINGS = YES;
				SWIFT_VERSION = 5.0;
				TARGETED_DEVICE_FAMILY = 1;
			};
			name = Release;
		};
		4BA77F2F29602D2600C8093A /* Debug */ = {
			isa = XCBuildConfiguration;
			buildSettings = {
				ALWAYS_EMBED_SWIFT_STANDARD_LIBRARIES = YES;
				BUNDLE_LOADER = "$(TEST_HOST)";
				CODE_SIGN_STYLE = Automatic;
				CURRENT_PROJECT_VERSION = 1;
				DEVELOPMENT_TEAM = H2TZ68XJU7;
				GENERATE_INFOPLIST_FILE = YES;
				IPHONEOS_DEPLOYMENT_TARGET = 16.2;
				MACOSX_DEPLOYMENT_TARGET = 12.6;
				MARKETING_VERSION = 1.0;
				PRODUCT_BUNDLE_IDENTIFIER = com.brick.InstantInformationTests;
				PRODUCT_NAME = "$(TARGET_NAME)";
				SDKROOT = auto;
				SUPPORTED_PLATFORMS = "iphoneos iphonesimulator macosx";
				SWIFT_EMIT_LOC_STRINGS = NO;
				SWIFT_VERSION = 5.0;
				TARGETED_DEVICE_FAMILY = "1,2";
				TEST_HOST = "$(BUILT_PRODUCTS_DIR)/InstantInformation.app/$(BUNDLE_EXECUTABLE_FOLDER_PATH)/InstantInformation";
			};
			name = Debug;
		};
		4BA77F3029602D2600C8093A /* Release */ = {
			isa = XCBuildConfiguration;
			buildSettings = {
				ALWAYS_EMBED_SWIFT_STANDARD_LIBRARIES = YES;
				BUNDLE_LOADER = "$(TEST_HOST)";
				CODE_SIGN_STYLE = Automatic;
				CURRENT_PROJECT_VERSION = 1;
				DEVELOPMENT_TEAM = H2TZ68XJU7;
				GENERATE_INFOPLIST_FILE = YES;
				IPHONEOS_DEPLOYMENT_TARGET = 16.2;
				MACOSX_DEPLOYMENT_TARGET = 12.6;
				MARKETING_VERSION = 1.0;
				PRODUCT_BUNDLE_IDENTIFIER = com.brick.InstantInformationTests;
				PRODUCT_NAME = "$(TARGET_NAME)";
				SDKROOT = auto;
				SUPPORTED_PLATFORMS = "iphoneos iphonesimulator macosx";
				SWIFT_EMIT_LOC_STRINGS = NO;
				SWIFT_VERSION = 5.0;
				TARGETED_DEVICE_FAMILY = "1,2";
				TEST_HOST = "$(BUILT_PRODUCTS_DIR)/InstantInformation.app/$(BUNDLE_EXECUTABLE_FOLDER_PATH)/InstantInformation";
			};
			name = Release;
		};
		4BA77F3229602D2600C8093A /* Debug */ = {
			isa = XCBuildConfiguration;
			buildSettings = {
				ALWAYS_EMBED_SWIFT_STANDARD_LIBRARIES = YES;
				CODE_SIGN_STYLE = Automatic;
				CURRENT_PROJECT_VERSION = 1;
				DEVELOPMENT_TEAM = H2TZ68XJU7;
				GENERATE_INFOPLIST_FILE = YES;
				IPHONEOS_DEPLOYMENT_TARGET = 16.2;
				MACOSX_DEPLOYMENT_TARGET = 12.6;
				MARKETING_VERSION = 1.0;
				PRODUCT_BUNDLE_IDENTIFIER = com.brick.InstantInformationUITests;
				PRODUCT_NAME = "$(TARGET_NAME)";
				SDKROOT = auto;
				SUPPORTED_PLATFORMS = "iphoneos iphonesimulator macosx";
				SWIFT_EMIT_LOC_STRINGS = NO;
				SWIFT_VERSION = 5.0;
				TARGETED_DEVICE_FAMILY = "1,2";
				TEST_TARGET_NAME = InstantInformation;
			};
			name = Debug;
		};
		4BA77F3329602D2600C8093A /* Release */ = {
			isa = XCBuildConfiguration;
			buildSettings = {
				ALWAYS_EMBED_SWIFT_STANDARD_LIBRARIES = YES;
				CODE_SIGN_STYLE = Automatic;
				CURRENT_PROJECT_VERSION = 1;
				DEVELOPMENT_TEAM = H2TZ68XJU7;
				GENERATE_INFOPLIST_FILE = YES;
				IPHONEOS_DEPLOYMENT_TARGET = 16.2;
				MACOSX_DEPLOYMENT_TARGET = 12.6;
				MARKETING_VERSION = 1.0;
				PRODUCT_BUNDLE_IDENTIFIER = com.brick.InstantInformationUITests;
				PRODUCT_NAME = "$(TARGET_NAME)";
				SDKROOT = auto;
				SUPPORTED_PLATFORMS = "iphoneos iphonesimulator macosx";
				SWIFT_EMIT_LOC_STRINGS = NO;
				SWIFT_VERSION = 5.0;
				TARGETED_DEVICE_FAMILY = "1,2";
				TEST_TARGET_NAME = InstantInformation;
			};
			name = Release;
		};
/* End XCBuildConfiguration section */

/* Begin XCConfigurationList section */
		4BA77F0129602D2500C8093A /* Build configuration list for PBXProject "InstantInformation" */ = {
			isa = XCConfigurationList;
			buildConfigurations = (
				4BA77F2929602D2600C8093A /* Debug */,
				4BA77F2A29602D2600C8093A /* Release */,
			);
			defaultConfigurationIsVisible = 0;
			defaultConfigurationName = Release;
		};
		4BA77F2B29602D2600C8093A /* Build configuration list for PBXNativeTarget "Instant Info" */ = {
			isa = XCConfigurationList;
			buildConfigurations = (
				4BA77F2C29602D2600C8093A /* Debug */,
				4BA77F2D29602D2600C8093A /* Release */,
			);
			defaultConfigurationIsVisible = 0;
			defaultConfigurationName = Release;
		};
		4BA77F2E29602D2600C8093A /* Build configuration list for PBXNativeTarget "InstantInformationTests" */ = {
			isa = XCConfigurationList;
			buildConfigurations = (
				4BA77F2F29602D2600C8093A /* Debug */,
				4BA77F3029602D2600C8093A /* Release */,
			);
			defaultConfigurationIsVisible = 0;
			defaultConfigurationName = Release;
		};
		4BA77F3129602D2600C8093A /* Build configuration list for PBXNativeTarget "InstantInformationUITests" */ = {
			isa = XCConfigurationList;
			buildConfigurations = (
				4BA77F3229602D2600C8093A /* Debug */,
				4BA77F3329602D2600C8093A /* Release */,
			);
			defaultConfigurationIsVisible = 0;
			defaultConfigurationName = Release;
		};
/* End XCConfigurationList section */

/* Begin XCRemoteSwiftPackageReference section */
		4BC040D0298B2ABF00994366 /* XCRemoteSwiftPackageReference "swift-composable-architecture" */ = {
			isa = XCRemoteSwiftPackageReference;
			repositoryURL = "https://github.com/pointfreeco/swift-composable-architecture";
			requirement = {
				kind = upToNextMajorVersion;
				minimumVersion = 0.50.0;
			};
		};
		4BEBE402298B2D2E0098E600 /* XCRemoteSwiftPackageReference "SwiftLint" */ = {
			isa = XCRemoteSwiftPackageReference;
			repositoryURL = "https://github.com/evfemist/SwiftLint";
			requirement = {
				branch = main;
				kind = branch;
			};
		};
/* End XCRemoteSwiftPackageReference section */

/* Begin XCSwiftPackageProductDependency section */
		4BC040D1298B2ABF00994366 /* ComposableArchitecture */ = {
			isa = XCSwiftPackageProductDependency;
			package = 4BC040D0298B2ABF00994366 /* XCRemoteSwiftPackageReference "swift-composable-architecture" */;
			productName = ComposableArchitecture;
		};
		4BEBE403298B2D3C0098E600 /* SwiftLintPlugin */ = {
			isa = XCSwiftPackageProductDependency;
			package = 4BEBE402298B2D2E0098E600 /* XCRemoteSwiftPackageReference "SwiftLint" */;
			productName = "plugin:SwiftLintPlugin";
		};
/* End XCSwiftPackageProductDependency section */
	};
	rootObject = 4BA77EFE29602D2500C8093A /* Project object */;
}
